
Microsoft Visual Studio Solution File, Format Version 12.00
# Visual Studio Version 16
VisualStudioVersion = 25.0.1700.6
MinimumVisualStudioVersion = 10.0.40219.1
Project("{FAE04EC0-301F-11D3-BF4B-00C04F79EFBC}") = "Statim", "src\statim\Statim.csproj", "{EA34F3A3-871D-4F33-B73F-A56D5080CDB0}"
EndProject
Project("{FAE04EC0-301F-11D3-BF4B-00C04F79EFBC}") = "Statim.Integration.Tests", "src\tests\Statim.Integration.Tests\Statim.Integration.Tests.csproj", "{AE216A9B-A44C-4946-99DD-D6C530049F2F}"
EndProject
Project("{FAE04EC0-301F-11D3-BF4B-00C04F79EFBC}") = "Statim.Tests", "src\tests\Statim.Tests\Statim.Tests.csproj", "{848F0626-A292-4804-BBC7-082A389611AB}"
EndProject
Project("{2150E333-8FDC-42A3-9474-1A3956D46DE8}") = "Solution items", "Solution items", "{24FFDFDF-EE08-4FA3-8504-57183927FA6A}"
	ProjectSection(SolutionItems) = preProject
		README.md = README.md
	EndProjectSection
EndProject
Global
	GlobalSection(SolutionConfigurationPlatforms) = preSolution
		Debug|Any CPU = Debug|Any CPU
		Release|Any CPU = Release|Any CPU
	EndGlobalSection
	GlobalSection(ProjectConfigurationPlatforms) = postSolution
		{EA34F3A3-871D-4F33-B73F-A56D5080CDB0}.Debug|Any CPU.ActiveCfg = Debug|Any CPU
		{EA34F3A3-871D-4F33-B73F-A56D5080CDB0}.Debug|Any CPU.Build.0 = Debug|Any CPU
		{EA34F3A3-871D-4F33-B73F-A56D5080CDB0}.Release|Any CPU.ActiveCfg = Release|Any CPU
		{EA34F3A3-871D-4F33-B73F-A56D5080CDB0}.Release|Any CPU.Build.0 = Release|Any CPU
		{AE216A9B-A44C-4946-99DD-D6C530049F2F}.Debug|Any CPU.ActiveCfg = Debug|Any CPU
		{AE216A9B-A44C-4946-99DD-D6C530049F2F}.Debug|Any CPU.Build.0 = Debug|Any CPU
		{AE216A9B-A44C-4946-99DD-D6C530049F2F}.Release|Any CPU.ActiveCfg = Release|Any CPU
		{AE216A9B-A44C-4946-99DD-D6C530049F2F}.Release|Any CPU.Build.0 = Release|Any CPU
		{848F0626-A292-4804-BBC7-082A389611AB}.Debug|Any CPU.ActiveCfg = Debug|Any CPU
		{848F0626-A292-4804-BBC7-082A389611AB}.Debug|Any CPU.Build.0 = Debug|Any CPU
		{848F0626-A292-4804-BBC7-082A389611AB}.Release|Any CPU.ActiveCfg = Release|Any CPU
		{848F0626-A292-4804-BBC7-082A389611AB}.Release|Any CPU.Build.0 = Release|Any CPU
	EndGlobalSection
	GlobalSection(SolutionProperties) = preSolution
		HideSolutionNode = FALSE
	EndGlobalSection
	GlobalSection(ExtensibilityGlobals) = postSolution
		SolutionGuid = {D434E445-6BC1-4DF9-8BFF-71DFAD943667}
	EndGlobalSection
EndGlobal
